
Microsoft Visual Studio Solution File, Format Version 12.00
# Visual Studio Version 16
VisualStudioVersion = 16.0.30804.86
MinimumVisualStudioVersion = 10.0.40219.1
Project("{FAE04EC0-301F-11D3-BF4B-00C04F79EFBC}") = "Dictionary", "Dictionary\Dictionary.csproj", "{FAB4FBD1-3332-4273-A4C9-9F3933B06667}"
EndProject
Global
	GlobalSection(SolutionConfigurationPlatforms) = preSolution
		Debug|Any CPU = Debug|Any CPU
		Release|Any CPU = Release|Any CPU
	EndGlobalSection
	GlobalSection(ProjectConfigurationPlatforms) = postSolution
		{FAB4FBD1-3332-4273-A4C9-9F3933B06667}.Debug|Any CPU.ActiveCfg = Debug|Any CPU
		{FAB4FBD1-3332-4273-A4C9-9F3933B06667}.Debug|Any CPU.Build.0 = Debug|Any CPU
		{FAB4FBD1-3332-4273-A4C9-9F3933B06667}.Release|Any CPU.ActiveCfg = Release|Any CPU
		{FAB4FBD1-3332-4273-A4C9-9F3933B06667}.Release|Any CPU.Build.0 = Release|Any CPU
	EndGlobalSection
	GlobalSection(SolutionProperties) = preSolution
		HideSolutionNode = FALSE
	EndGlobalSection
	GlobalSection(ExtensibilityGlobals) = postSolution
		SolutionGuid = {7067CDBB-6E66-4D0C-9370-B0AE362C165D}
	EndGlobalSection
EndGlobal
